
Microsoft Visual Studio Solution File, Format Version 12.00
# Visual Studio Version 17
VisualStudioVersion = 17.9.34728.123
MinimumVisualStudioVersion = 10.0.40219.1
Project("{FAE04EC0-301F-11D3-BF4B-00C04F79EFBC}") = "Wydawca", "Wydawca.csproj", "{2EFDFCBF-2D31-4958-A4C2-2BBE9D09F1F0}"
EndProject
Global
	GlobalSection(SolutionConfigurationPlatforms) = preSolution
		Debug|Any CPU = Debug|Any CPU
		Release|Any CPU = Release|Any CPU
	EndGlobalSection
	GlobalSection(ProjectConfigurationPlatforms) = postSolution
		{2EFDFCBF-2D31-4958-A4C2-2BBE9D09F1F0}.Debug|Any CPU.ActiveCfg = Debug|Any CPU
		{2EFDFCBF-2D31-4958-A4C2-2BBE9D09F1F0}.Debug|Any CPU.Build.0 = Debug|Any CPU
		{2EFDFCBF-2D31-4958-A4C2-2BBE9D09F1F0}.Release|Any CPU.ActiveCfg = Release|Any CPU
		{2EFDFCBF-2D31-4958-A4C2-2BBE9D09F1F0}.Release|Any CPU.Build.0 = Release|Any CPU
	EndGlobalSection
	GlobalSection(SolutionProperties) = preSolution
		HideSolutionNode = FALSE
	EndGlobalSection
	GlobalSection(ExtensibilityGlobals) = postSolution
		SolutionGuid = {6C4A2680-A493-4BAF-B7BD-4752C0E0275F}
	EndGlobalSection
EndGlobal
